// !$*UTF8*$!
{
	archiveVersion = 1;
	classes = {
	};
	objectVersion = 46;
	objects = {

/* Begin PBXBuildFile section */
		09005E2714E0E5450088A175 /* icon small.png in Resources */ = {isa = PBXBuildFile; fileRef = 09005E2614E0E5450088A175 /* icon small.png */; };
		090300D314CE491700618BF5 /* ZoneSelectorFree.xib in Resources */ = {isa = PBXBuildFile; fileRef = 090300D114CE491200618BF5 /* ZoneSelectorFree.xib */; };
		09C1957814C91FAE001529B0 /* icon copy.png in Resources */ = {isa = PBXBuildFile; fileRef = 09C1957714C91FAE001529B0 /* icon copy.png */; };
		09E6F0E114CE35340036A97B /* main.m in Sources */ = {isa = PBXBuildFile; fileRef = D3ABCE8D14B6922600CBE556 /* main.m */; };
		09E6F0E214CE35340036A97B /* AppDelegate.m in Sources */ = {isa = PBXBuildFile; fileRef = D3ABCE9114B6922600CBE556 /* AppDelegate.m */; };
		09E6F0E314CE35340036A97B /* VC_Main.m in Sources */ = {isa = PBXBuildFile; fileRef = D3ABCEB614B699DE00CBE556 /* VC_Main.m */; };
		09E6F0E414CE35340036A97B /* VC_SplashScreen.m in Sources */ = {isa = PBXBuildFile; fileRef = D3ABCEC014B6A3FC00CBE556 /* VC_SplashScreen.m */; };
		09E6F0E614CE35340036A97B /* VC_GamePlay.m in Sources */ = {isa = PBXBuildFile; fileRef = D371993114BBF02F00FD78C8 /* VC_GamePlay.m */; };
		09E6F0E814CE35340036A97B /* UIKit.framework in Frameworks */ = {isa = PBXBuildFile; fileRef = D3ABCE8114B6922600CBE556 /* UIKit.framework */; };
		09E6F0E914CE35340036A97B /* Foundation.framework in Frameworks */ = {isa = PBXBuildFile; fileRef = D3ABCE8314B6922600CBE556 /* Foundation.framework */; };
		09E6F0EA14CE35340036A97B /* CoreGraphics.framework in Frameworks */ = {isa = PBXBuildFile; fileRef = D3ABCE8514B6922600CBE556 /* CoreGraphics.framework */; };
		09E6F0EC14CE35340036A97B /* InfoPlist.strings in Resources */ = {isa = PBXBuildFile; fileRef = D3ABCE8A14B6922600CBE556 /* InfoPlist.strings */; };
		09E6F0ED14CE35340036A97B /* SplashScreen.xib in Resources */ = {isa = PBXBuildFile; fileRef = D3ABCEB114B6947400CBE556 /* SplashScreen.xib */; };
		09E6F0EE14CE35340036A97B /* appbanner.png in Resources */ = {isa = PBXBuildFile; fileRef = D3ABCEB814B69BF000CBE556 /* appbanner.png */; };
		09E6F0EF14CE35340036A97B /* MainView.xib in Resources */ = {isa = PBXBuildFile; fileRef = D3ABCEBA14B69DB600CBE556 /* MainView.xib */; };
		09E6F0F114CE35340036A97B /* banner.png in Resources */ = {isa = PBXBuildFile; fileRef = D371991C14BBE52900FD78C8 /* banner.png */; };
		09E6F0F214CE35340036A97B /* zone1.png in Resources */ = {isa = PBXBuildFile; fileRef = D371991F14BBE55C00FD78C8 /* zone1.png */; };
		09E6F0F314CE35340036A97B /* zone2.png in Resources */ = {isa = PBXBuildFile; fileRef = D371992014BBE55C00FD78C8 /* zone2.png */; };
		09E6F0F414CE35340036A97B /* zone3.png in Resources */ = {isa = PBXBuildFile; fileRef = D371992114BBE55C00FD78C8 /* zone3.png */; };
		09E6F0F514CE35340036A97B /* zone4.png in Resources */ = {isa = PBXBuildFile; fileRef = D371992214BBE55C00FD78C8 /* zone4.png */; };
		09E6F0F614CE35340036A97B /* GamePlay.xib in Resources */ = {isa = PBXBuildFile; fileRef = D371992A14BBE92700FD78C8 /* GamePlay.xib */; };
		09E6F0F714CE35340036A97B /* choose_pill.png in Resources */ = {isa = PBXBuildFile; fileRef = D371992C14BBEA4800FD78C8 /* choose_pill.png */; };
		09E6F0F814CE35340036A97B /* choose_pokemon.png in Resources */ = {isa = PBXBuildFile; fileRef = D371992D14BBEA4800FD78C8 /* choose_pokemon.png */; };
		09E6F0F914CE35340036A97B /* PPData.plist in Resources */ = {isa = PBXBuildFile; fileRef = D371993314BBF50700FD78C8 /* PPData.plist */; };
		09E6F0FA14CE35340036A97B /* icon copy.png in Resources */ = {isa = PBXBuildFile; fileRef = 09C1957714C91FAE001529B0 /* icon copy.png */; };
		09E6F10614CE36330036A97B /* VC_ZoneSelectorFree.m in Sources */ = {isa = PBXBuildFile; fileRef = 09E6F10314CE35D90036A97B /* VC_ZoneSelectorFree.m */; };
		4E34588614FB190500D1F9FE /* UnlockedZones.plist in Resources */ = {isa = PBXBuildFile; fileRef = 4E34588514FB190500D1F9FE /* UnlockedZones.plist */; };
		D371991B14BBE4E600FD78C8 /* ZoneSelector.xib in Resources */ = {isa = PBXBuildFile; fileRef = D371991A14BBE4E600FD78C8 /* ZoneSelector.xib */; };
		D371991D14BBE52900FD78C8 /* banner.png in Resources */ = {isa = PBXBuildFile; fileRef = D371991C14BBE52900FD78C8 /* banner.png */; };
		D371992314BBE55C00FD78C8 /* zone1.png in Resources */ = {isa = PBXBuildFile; fileRef = D371991F14BBE55C00FD78C8 /* zone1.png */; };
		D371992414BBE55C00FD78C8 /* zone2.png in Resources */ = {isa = PBXBuildFile; fileRef = D371992014BBE55C00FD78C8 /* zone2.png */; };
		D371992514BBE55C00FD78C8 /* zone3.png in Resources */ = {isa = PBXBuildFile; fileRef = D371992114BBE55C00FD78C8 /* zone3.png */; };
		D371992614BBE55C00FD78C8 /* zone4.png in Resources */ = {isa = PBXBuildFile; fileRef = D371992214BBE55C00FD78C8 /* zone4.png */; };
		D371992914BBE69900FD78C8 /* VC_ZoneSelector.m in Sources */ = {isa = PBXBuildFile; fileRef = D371992814BBE69900FD78C8 /* VC_ZoneSelector.m */; };
		D371992B14BBE92700FD78C8 /* GamePlay.xib in Resources */ = {isa = PBXBuildFile; fileRef = D371992A14BBE92700FD78C8 /* GamePlay.xib */; };
		D371992E14BBEA4800FD78C8 /* choose_pill.png in Resources */ = {isa = PBXBuildFile; fileRef = D371992C14BBEA4800FD78C8 /* choose_pill.png */; };
		D371992F14BBEA4800FD78C8 /* choose_pokemon.png in Resources */ = {isa = PBXBuildFile; fileRef = D371992D14BBEA4800FD78C8 /* choose_pokemon.png */; };
		D371993214BBF02F00FD78C8 /* VC_GamePlay.m in Sources */ = {isa = PBXBuildFile; fileRef = D371993114BBF02F00FD78C8 /* VC_GamePlay.m */; };
		D371993414BBF50700FD78C8 /* PPData.plist in Resources */ = {isa = PBXBuildFile; fileRef = D371993314BBF50700FD78C8 /* PPData.plist */; };
		D3ABCE8214B6922600CBE556 /* UIKit.framework in Frameworks */ = {isa = PBXBuildFile; fileRef = D3ABCE8114B6922600CBE556 /* UIKit.framework */; };
		D3ABCE8414B6922600CBE556 /* Foundation.framework in Frameworks */ = {isa = PBXBuildFile; fileRef = D3ABCE8314B6922600CBE556 /* Foundation.framework */; };
		D3ABCE8614B6922600CBE556 /* CoreGraphics.framework in Frameworks */ = {isa = PBXBuildFile; fileRef = D3ABCE8514B6922600CBE556 /* CoreGraphics.framework */; };
		D3ABCE8C14B6922600CBE556 /* InfoPlist.strings in Resources */ = {isa = PBXBuildFile; fileRef = D3ABCE8A14B6922600CBE556 /* InfoPlist.strings */; };
		D3ABCE8E14B6922600CBE556 /* main.m in Sources */ = {isa = PBXBuildFile; fileRef = D3ABCE8D14B6922600CBE556 /* main.m */; };
		D3ABCE9214B6922600CBE556 /* AppDelegate.m in Sources */ = {isa = PBXBuildFile; fileRef = D3ABCE9114B6922600CBE556 /* AppDelegate.m */; };
		D3ABCE9A14B6922600CBE556 /* SenTestingKit.framework in Frameworks */ = {isa = PBXBuildFile; fileRef = D3ABCE9914B6922600CBE556 /* SenTestingKit.framework */; };
		D3ABCE9B14B6922600CBE556 /* UIKit.framework in Frameworks */ = {isa = PBXBuildFile; fileRef = D3ABCE8114B6922600CBE556 /* UIKit.framework */; };
		D3ABCE9C14B6922600CBE556 /* Foundation.framework in Frameworks */ = {isa = PBXBuildFile; fileRef = D3ABCE8314B6922600CBE556 /* Foundation.framework */; };
		D3ABCEA414B6922600CBE556 /* InfoPlist.strings in Resources */ = {isa = PBXBuildFile; fileRef = D3ABCEA214B6922600CBE556 /* InfoPlist.strings */; };
		D3ABCEA714B6922600CBE556 /* PillOrPokemonTests.m in Sources */ = {isa = PBXBuildFile; fileRef = D3ABCEA614B6922600CBE556 /* PillOrPokemonTests.m */; };
		D3ABCEB214B6947400CBE556 /* SplashScreen.xib in Resources */ = {isa = PBXBuildFile; fileRef = D3ABCEB114B6947400CBE556 /* SplashScreen.xib */; };
		D3ABCEB714B699DE00CBE556 /* VC_Main.m in Sources */ = {isa = PBXBuildFile; fileRef = D3ABCEB614B699DE00CBE556 /* VC_Main.m */; };
		D3ABCEB914B69BF000CBE556 /* appbanner.png in Resources */ = {isa = PBXBuildFile; fileRef = D3ABCEB814B69BF000CBE556 /* appbanner.png */; };
		D3ABCEBB14B69DB600CBE556 /* MainView.xib in Resources */ = {isa = PBXBuildFile; fileRef = D3ABCEBA14B69DB600CBE556 /* MainView.xib */; };
		D3ABCEC114B6A3FC00CBE556 /* VC_SplashScreen.m in Sources */ = {isa = PBXBuildFile; fileRef = D3ABCEC014B6A3FC00CBE556 /* VC_SplashScreen.m */; };
/* End PBXBuildFile section */

/* Begin PBXContainerItemProxy section */
		D3ABCE9D14B6922600CBE556 /* PBXContainerItemProxy */ = {
			isa = PBXContainerItemProxy;
			containerPortal = D3ABCE7414B6922400CBE556 /* Project object */;
			proxyType = 1;
			remoteGlobalIDString = D3ABCE7C14B6922500CBE556;
			remoteInfo = PillOrPokemon;
		};
/* End PBXContainerItemProxy section */

/* Begin PBXFileReference section */
		09005E2614E0E5450088A175 /* icon small.png */ = {isa = PBXFileReference; lastKnownFileType = image.png; path = "icon small.png"; sourceTree = "<group>"; };
		090300D114CE491200618BF5 /* ZoneSelectorFree.xib */ = {isa = PBXFileReference; fileEncoding = 4; lastKnownFileType = file.xib; path = ZoneSelectorFree.xib; sourceTree = "<group>"; };
		09C1957714C91FAE001529B0 /* icon copy.png */ = {isa = PBXFileReference; lastKnownFileType = image.png; path = "icon copy.png"; sourceTree = "<group>"; };
		09E6F0A714CE32D90036A97B /* PillOrPokemon-Demo-Info.plist */ = {isa = PBXFileReference; lastKnownFileType = text.plist.xml; path = "PillOrPokemon-Demo-Info.plist"; sourceTree = "<group>"; };
		09E6F0A914CE32D90036A97B /* en */ = {isa = PBXFileReference; lastKnownFileType = text.plist.strings; name = en; path = en.lproj/InfoPlist.strings; sourceTree = "<group>"; };
		09E6F0AB14CE32D90036A97B /* main.m */ = {isa = PBXFileReference; lastKnownFileType = sourcecode.c.objc; path = main.m; sourceTree = "<group>"; };
		09E6F0AD14CE32D90036A97B /* PillOrPokemon-Demo-Prefix.pch */ = {isa = PBXFileReference; lastKnownFileType = sourcecode.c.h; path = "PillOrPokemon-Demo-Prefix.pch"; sourceTree = "<group>"; };
		09E6F0AE14CE32D90036A97B /* AppDelegate.h */ = {isa = PBXFileReference; lastKnownFileType = sourcecode.c.h; path = AppDelegate.h; sourceTree = "<group>"; };
		09E6F0AF14CE32D90036A97B /* AppDelegate.m */ = {isa = PBXFileReference; lastKnownFileType = sourcecode.c.objc; path = AppDelegate.m; sourceTree = "<group>"; };
		09E6F0BE14CE32DA0036A97B /* PillOrPokemon-DemoTests-Info.plist */ = {isa = PBXFileReference; lastKnownFileType = text.plist.xml; path = "PillOrPokemon-DemoTests-Info.plist"; sourceTree = "<group>"; };
		09E6F0C014CE32DA0036A97B /* en */ = {isa = PBXFileReference; lastKnownFileType = text.plist.strings; name = en; path = en.lproj/InfoPlist.strings; sourceTree = "<group>"; };
		09E6F0C214CE32DA0036A97B /* PillOrPokemon_DemoTests.h */ = {isa = PBXFileReference; lastKnownFileType = sourcecode.c.h; path = PillOrPokemon_DemoTests.h; sourceTree = "<group>"; };
		09E6F0C314CE32DA0036A97B /* PillOrPokemon_DemoTests.m */ = {isa = PBXFileReference; lastKnownFileType = sourcecode.c.objc; path = PillOrPokemon_DemoTests.m; sourceTree = "<group>"; };
		09E6F0FE14CE35340036A97B /* PillOrPokemon Free.app */ = {isa = PBXFileReference; explicitFileType = wrapper.application; includeInIndex = 0; path = "PillOrPokemon Free.app"; sourceTree = BUILT_PRODUCTS_DIR; };
		09E6F10014CE35350036A97B /* PillOrPokemon Free-Info.plist */ = {isa = PBXFileReference; lastKnownFileType = text.plist.xml; name = "PillOrPokemon Free-Info.plist"; path = "/Users/WeekendWarrior/Dropbox/PillOrPokemon/PillOrPokemon Free-Info.plist"; sourceTree = "<absolute>"; };
		09E6F10314CE35D90036A97B /* VC_ZoneSelectorFree.m */ = {isa = PBXFileReference; fileEncoding = 4; lastKnownFileType = sourcecode.c.objc; path = VC_ZoneSelectorFree.m; sourceTree = "<group>"; };
		09E6F10514CE35E60036A97B /* VC_ZoneSelectorFree.h */ = {isa = PBXFileReference; fileEncoding = 4; lastKnownFileType = sourcecode.c.h; path = VC_ZoneSelectorFree.h; sourceTree = "<group>"; };
		4E34588514FB190500D1F9FE /* UnlockedZones.plist */ = {isa = PBXFileReference; fileEncoding = 4; lastKnownFileType = text.plist.xml; path = UnlockedZones.plist; sourceTree = "<group>"; };
		D371991A14BBE4E600FD78C8 /* ZoneSelector.xib */ = {isa = PBXFileReference; fileEncoding = 4; lastKnownFileType = file.xib; path = ZoneSelector.xib; sourceTree = "<group>"; };
		D371991C14BBE52900FD78C8 /* banner.png */ = {isa = PBXFileReference; lastKnownFileType = image.png; path = banner.png; sourceTree = "<group>"; };
		D371991F14BBE55C00FD78C8 /* zone1.png */ = {isa = PBXFileReference; lastKnownFileType = image.png; path = zone1.png; sourceTree = "<group>"; };
		D371992014BBE55C00FD78C8 /* zone2.png */ = {isa = PBXFileReference; lastKnownFileType = image.png; path = zone2.png; sourceTree = "<group>"; };
		D371992114BBE55C00FD78C8 /* zone3.png */ = {isa = PBXFileReference; lastKnownFileType = image.png; path = zone3.png; sourceTree = "<group>"; };
		D371992214BBE55C00FD78C8 /* zone4.png */ = {isa = PBXFileReference; lastKnownFileType = image.png; path = zone4.png; sourceTree = "<group>"; };
		D371992714BBE69900FD78C8 /* VC_ZoneSelector.h */ = {isa = PBXFileReference; fileEncoding = 4; lastKnownFileType = sourcecode.c.h; path = VC_ZoneSelector.h; sourceTree = "<group>"; };
		D371992814BBE69900FD78C8 /* VC_ZoneSelector.m */ = {isa = PBXFileReference; fileEncoding = 4; lastKnownFileType = sourcecode.c.objc; path = VC_ZoneSelector.m; sourceTree = "<group>"; };
		D371992A14BBE92700FD78C8 /* GamePlay.xib */ = {isa = PBXFileReference; fileEncoding = 4; lastKnownFileType = file.xib; path = GamePlay.xib; sourceTree = "<group>"; };
		D371992C14BBEA4800FD78C8 /* choose_pill.png */ = {isa = PBXFileReference; lastKnownFileType = image.png; path = choose_pill.png; sourceTree = "<group>"; };
		D371992D14BBEA4800FD78C8 /* choose_pokemon.png */ = {isa = PBXFileReference; lastKnownFileType = image.png; path = choose_pokemon.png; sourceTree = "<group>"; };
		D371993014BBF02F00FD78C8 /* VC_GamePlay.h */ = {isa = PBXFileReference; fileEncoding = 4; lastKnownFileType = sourcecode.c.h; path = VC_GamePlay.h; sourceTree = "<group>"; };
		D371993114BBF02F00FD78C8 /* VC_GamePlay.m */ = {isa = PBXFileReference; fileEncoding = 4; lastKnownFileType = sourcecode.c.objc; path = VC_GamePlay.m; sourceTree = "<group>"; };
		D371993314BBF50700FD78C8 /* PPData.plist */ = {isa = PBXFileReference; fileEncoding = 4; lastKnownFileType = text.plist.xml; name = PPData.plist; path = PillOrPokemon/PPData.plist; sourceTree = "<group>"; };
		D3ABCE7D14B6922600CBE556 /* PillOrPokemon.app */ = {isa = PBXFileReference; explicitFileType = wrapper.application; includeInIndex = 0; path = PillOrPokemon.app; sourceTree = BUILT_PRODUCTS_DIR; };
		D3ABCE8114B6922600CBE556 /* UIKit.framework */ = {isa = PBXFileReference; lastKnownFileType = wrapper.framework; name = UIKit.framework; path = System/Library/Frameworks/UIKit.framework; sourceTree = SDKROOT; };
		D3ABCE8314B6922600CBE556 /* Foundation.framework */ = {isa = PBXFileReference; lastKnownFileType = wrapper.framework; name = Foundation.framework; path = System/Library/Frameworks/Foundation.framework; sourceTree = SDKROOT; };
		D3ABCE8514B6922600CBE556 /* CoreGraphics.framework */ = {isa = PBXFileReference; lastKnownFileType = wrapper.framework; name = CoreGraphics.framework; path = System/Library/Frameworks/CoreGraphics.framework; sourceTree = SDKROOT; };
		D3ABCE8914B6922600CBE556 /* PillOrPokemon-Info.plist */ = {isa = PBXFileReference; lastKnownFileType = text.plist.xml; path = "PillOrPokemon-Info.plist"; sourceTree = "<group>"; };
		D3ABCE8B14B6922600CBE556 /* en */ = {isa = PBXFileReference; lastKnownFileType = text.plist.strings; name = en; path = en.lproj/InfoPlist.strings; sourceTree = "<group>"; };
		D3ABCE8D14B6922600CBE556 /* main.m */ = {isa = PBXFileReference; lastKnownFileType = sourcecode.c.objc; path = main.m; sourceTree = "<group>"; };
		D3ABCE8F14B6922600CBE556 /* PillOrPokemon-Prefix.pch */ = {isa = PBXFileReference; lastKnownFileType = sourcecode.c.h; path = "PillOrPokemon-Prefix.pch"; sourceTree = "<group>"; };
		D3ABCE9014B6922600CBE556 /* AppDelegate.h */ = {isa = PBXFileReference; lastKnownFileType = sourcecode.c.h; path = AppDelegate.h; sourceTree = "<group>"; };
		D3ABCE9114B6922600CBE556 /* AppDelegate.m */ = {isa = PBXFileReference; lastKnownFileType = sourcecode.c.objc; path = AppDelegate.m; sourceTree = "<group>"; };
		D3ABCE9814B6922600CBE556 /* PillOrPokemonTests.octest */ = {isa = PBXFileReference; explicitFileType = wrapper.cfbundle; includeInIndex = 0; path = PillOrPokemonTests.octest; sourceTree = BUILT_PRODUCTS_DIR; };
		D3ABCE9914B6922600CBE556 /* SenTestingKit.framework */ = {isa = PBXFileReference; lastKnownFileType = wrapper.framework; name = SenTestingKit.framework; path = Library/Frameworks/SenTestingKit.framework; sourceTree = DEVELOPER_DIR; };
		D3ABCEA114B6922600CBE556 /* PillOrPokemonTests-Info.plist */ = {isa = PBXFileReference; lastKnownFileType = text.plist.xml; path = "PillOrPokemonTests-Info.plist"; sourceTree = "<group>"; };
		D3ABCEA314B6922600CBE556 /* en */ = {isa = PBXFileReference; lastKnownFileType = text.plist.strings; name = en; path = en.lproj/InfoPlist.strings; sourceTree = "<group>"; };
		D3ABCEA514B6922600CBE556 /* PillOrPokemonTests.h */ = {isa = PBXFileReference; lastKnownFileType = sourcecode.c.h; path = PillOrPokemonTests.h; sourceTree = "<group>"; };
		D3ABCEA614B6922600CBE556 /* PillOrPokemonTests.m */ = {isa = PBXFileReference; lastKnownFileType = sourcecode.c.objc; path = PillOrPokemonTests.m; sourceTree = "<group>"; };
		D3ABCEB114B6947400CBE556 /* SplashScreen.xib */ = {isa = PBXFileReference; fileEncoding = 4; lastKnownFileType = file.xib; path = SplashScreen.xib; sourceTree = "<group>"; };
		D3ABCEB514B699DE00CBE556 /* VC_Main.h */ = {isa = PBXFileReference; fileEncoding = 4; lastKnownFileType = sourcecode.c.h; path = VC_Main.h; sourceTree = "<group>"; };
		D3ABCEB614B699DE00CBE556 /* VC_Main.m */ = {isa = PBXFileReference; fileEncoding = 4; lastKnownFileType = sourcecode.c.objc; path = VC_Main.m; sourceTree = "<group>"; };
		D3ABCEB814B69BF000CBE556 /* appbanner.png */ = {isa = PBXFileReference; lastKnownFileType = image.png; path = appbanner.png; sourceTree = "<group>"; };
		D3ABCEBA14B69DB600CBE556 /* MainView.xib */ = {isa = PBXFileReference; fileEncoding = 4; lastKnownFileType = file.xib; path = MainView.xib; sourceTree = "<group>"; };
		D3ABCEBF14B6A3FC00CBE556 /* VC_SplashScreen.h */ = {isa = PBXFileReference; fileEncoding = 4; lastKnownFileType = sourcecode.c.h; path = VC_SplashScreen.h; sourceTree = "<group>"; };
		D3ABCEC014B6A3FC00CBE556 /* VC_SplashScreen.m */ = {isa = PBXFileReference; fileEncoding = 4; lastKnownFileType = sourcecode.c.objc; path = VC_SplashScreen.m; sourceTree = "<group>"; };
/* End PBXFileReference section */

/* Begin PBXFrameworksBuildPhase section */
		09E6F0E714CE35340036A97B /* Frameworks */ = {
			isa = PBXFrameworksBuildPhase;
			buildActionMask = 2147483647;
			files = (
				09E6F0E814CE35340036A97B /* UIKit.framework in Frameworks */,
				09E6F0E914CE35340036A97B /* Foundation.framework in Frameworks */,
				09E6F0EA14CE35340036A97B /* CoreGraphics.framework in Frameworks */,
			);
			runOnlyForDeploymentPostprocessing = 0;
		};
		D3ABCE7A14B6922500CBE556 /* Frameworks */ = {
			isa = PBXFrameworksBuildPhase;
			buildActionMask = 2147483647;
			files = (
				D3ABCE8214B6922600CBE556 /* UIKit.framework in Frameworks */,
				D3ABCE8414B6922600CBE556 /* Foundation.framework in Frameworks */,
				D3ABCE8614B6922600CBE556 /* CoreGraphics.framework in Frameworks */,
			);
			runOnlyForDeploymentPostprocessing = 0;
		};
		D3ABCE9414B6922600CBE556 /* Frameworks */ = {
			isa = PBXFrameworksBuildPhase;
			buildActionMask = 2147483647;
			files = (
				D3ABCE9A14B6922600CBE556 /* SenTestingKit.framework in Frameworks */,
				D3ABCE9B14B6922600CBE556 /* UIKit.framework in Frameworks */,
				D3ABCE9C14B6922600CBE556 /* Foundation.framework in Frameworks */,
			);
			runOnlyForDeploymentPostprocessing = 0;
		};
/* End PBXFrameworksBuildPhase section */

/* Begin PBXGroup section */
		09E6F0A514CE32D90036A97B /* PillOrPokemon-Demo */ = {
			isa = PBXGroup;
			children = (
				09E6F0AE14CE32D90036A97B /* AppDelegate.h */,
				09E6F0AF14CE32D90036A97B /* AppDelegate.m */,
				09E6F0A614CE32D90036A97B /* Supporting Files */,
			);
			path = "PillOrPokemon-Demo";
			sourceTree = "<group>";
		};
		09E6F0A614CE32D90036A97B /* Supporting Files */ = {
			isa = PBXGroup;
			children = (
				09E6F0A714CE32D90036A97B /* PillOrPokemon-Demo-Info.plist */,
				09E6F0A814CE32D90036A97B /* InfoPlist.strings */,
				09E6F0AB14CE32D90036A97B /* main.m */,
				09E6F0AD14CE32D90036A97B /* PillOrPokemon-Demo-Prefix.pch */,
			);
			name = "Supporting Files";
			sourceTree = "<group>";
		};
		09E6F0BC14CE32DA0036A97B /* PillOrPokemon-DemoTests */ = {
			isa = PBXGroup;
			children = (
				09E6F0C214CE32DA0036A97B /* PillOrPokemon_DemoTests.h */,
				09E6F0C314CE32DA0036A97B /* PillOrPokemon_DemoTests.m */,
				09E6F0BD14CE32DA0036A97B /* Supporting Files */,
			);
			path = "PillOrPokemon-DemoTests";
			sourceTree = "<group>";
		};
		09E6F0BD14CE32DA0036A97B /* Supporting Files */ = {
			isa = PBXGroup;
			children = (
				09E6F0BE14CE32DA0036A97B /* PillOrPokemon-DemoTests-Info.plist */,
				09E6F0BF14CE32DA0036A97B /* InfoPlist.strings */,
			);
			name = "Supporting Files";
			sourceTree = "<group>";
		};
		D3ABCE7214B6922400CBE556 = {
			isa = PBXGroup;
			children = (
				09005E2614E0E5450088A175 /* icon small.png */,
				D3ABCE8714B6922600CBE556 /* ViewControllers */,
				D3ABCEB014B6944F00CBE556 /* Resources */,
				D3ABCE9F14B6922600CBE556 /* PillOrPokemonTests */,
				09E6F0A514CE32D90036A97B /* PillOrPokemon-Demo */,
				09E6F0BC14CE32DA0036A97B /* PillOrPokemon-DemoTests */,
				D3ABCE8014B6922600CBE556 /* Frameworks */,
				D3ABCE7E14B6922600CBE556 /* Products */,
				09E6F10014CE35350036A97B /* PillOrPokemon Free-Info.plist */,
			);
			sourceTree = "<group>";
		};
		D3ABCE7E14B6922600CBE556 /* Products */ = {
			isa = PBXGroup;
			children = (
				D3ABCE7D14B6922600CBE556 /* PillOrPokemon.app */,
				D3ABCE9814B6922600CBE556 /* PillOrPokemonTests.octest */,
				09E6F0FE14CE35340036A97B /* PillOrPokemon Free.app */,
			);
			name = Products;
			sourceTree = "<group>";
		};
		D3ABCE8014B6922600CBE556 /* Frameworks */ = {
			isa = PBXGroup;
			children = (
				D3ABCE8114B6922600CBE556 /* UIKit.framework */,
				D3ABCE8314B6922600CBE556 /* Foundation.framework */,
				D3ABCE8514B6922600CBE556 /* CoreGraphics.framework */,
				D3ABCE9914B6922600CBE556 /* SenTestingKit.framework */,
			);
			name = Frameworks;
			sourceTree = "<group>";
		};
		D3ABCE8714B6922600CBE556 /* ViewControllers */ = {
			isa = PBXGroup;
			children = (
				D371993014BBF02F00FD78C8 /* VC_GamePlay.h */,
				D371993114BBF02F00FD78C8 /* VC_GamePlay.m */,
				D371992714BBE69900FD78C8 /* VC_ZoneSelector.h */,
				D371992814BBE69900FD78C8 /* VC_ZoneSelector.m */,
				09E6F10514CE35E60036A97B /* VC_ZoneSelectorFree.h */,
				09E6F10314CE35D90036A97B /* VC_ZoneSelectorFree.m */,
				D3ABCEBF14B6A3FC00CBE556 /* VC_SplashScreen.h */,
				D3ABCEC014B6A3FC00CBE556 /* VC_SplashScreen.m */,
				D3ABCEB514B699DE00CBE556 /* VC_Main.h */,
				D3ABCEB614B699DE00CBE556 /* VC_Main.m */,
				D3ABCE9014B6922600CBE556 /* AppDelegate.h */,
				D3ABCE9114B6922600CBE556 /* AppDelegate.m */,
				D3ABCE8814B6922600CBE556 /* Supporting Files */,
			);
			name = ViewControllers;
			path = PillOrPokemon;
			sourceTree = "<group>";
		};
		D3ABCE8814B6922600CBE556 /* Supporting Files */ = {
			isa = PBXGroup;
			children = (
				D3ABCE8914B6922600CBE556 /* PillOrPokemon-Info.plist */,
				D3ABCE8A14B6922600CBE556 /* InfoPlist.strings */,
				D3ABCE8D14B6922600CBE556 /* main.m */,
				D3ABCE8F14B6922600CBE556 /* PillOrPokemon-Prefix.pch */,
				4E34588514FB190500D1F9FE /* UnlockedZones.plist */,
			);
			name = "Supporting Files";
			sourceTree = "<group>";
		};
		D3ABCE9F14B6922600CBE556 /* PillOrPokemonTests */ = {
			isa = PBXGroup;
			children = (
				D3ABCEA514B6922600CBE556 /* PillOrPokemonTests.h */,
				D3ABCEA614B6922600CBE556 /* PillOrPokemonTests.m */,
				D3ABCEA014B6922600CBE556 /* Supporting Files */,
			);
			path = PillOrPokemonTests;
			sourceTree = "<group>";
		};
		D3ABCEA014B6922600CBE556 /* Supporting Files */ = {
			isa = PBXGroup;
			children = (
				D3ABCEA114B6922600CBE556 /* PillOrPokemonTests-Info.plist */,
				D3ABCEA214B6922600CBE556 /* InfoPlist.strings */,
			);
			name = "Supporting Files";
			sourceTree = "<group>";
		};
		D3ABCEB014B6944F00CBE556 /* Resources */ = {
			isa = PBXGroup;
			children = (
				D371993314BBF50700FD78C8 /* PPData.plist */,
				09C1957714C91FAE001529B0 /* icon copy.png */,
				D371992A14BBE92700FD78C8 /* GamePlay.xib */,
				D3ABCEBA14B69DB600CBE556 /* MainView.xib */,
				D3ABCEB114B6947400CBE556 /* SplashScreen.xib */,
				D371991A14BBE4E600FD78C8 /* ZoneSelector.xib */,
				090300D114CE491200618BF5 /* ZoneSelectorFree.xib */,
				D371991C14BBE52900FD78C8 /* banner.png */,
				D3ABCEB814B69BF000CBE556 /* appbanner.png */,
				D371991F14BBE55C00FD78C8 /* zone1.png */,
				D371992014BBE55C00FD78C8 /* zone2.png */,
				D371992114BBE55C00FD78C8 /* zone3.png */,
				D371992214BBE55C00FD78C8 /* zone4.png */,
				D371992C14BBEA4800FD78C8 /* choose_pill.png */,
				D371992D14BBEA4800FD78C8 /* choose_pokemon.png */,
			);
			name = Resources;
			sourceTree = "<group>";
		};
/* End PBXGroup section */

/* Begin PBXNativeTarget section */
		09E6F0DF14CE35340036A97B /* PillOrPokemon Free */ = {
			isa = PBXNativeTarget;
			buildConfigurationList = 09E6F0FB14CE35340036A97B /* Build configuration list for PBXNativeTarget "PillOrPokemon Free" */;
			buildPhases = (
				09E6F0E014CE35340036A97B /* Sources */,
				09E6F0E714CE35340036A97B /* Frameworks */,
				09E6F0EB14CE35340036A97B /* Resources */,
			);
			buildRules = (
			);
			dependencies = (
			);
			name = "PillOrPokemon Free";
			productName = PillOrPokemon;
			productReference = 09E6F0FE14CE35340036A97B /* PillOrPokemon Free.app */;
			productType = "com.apple.product-type.application";
		};
		D3ABCE7C14B6922500CBE556 /* PillOrPokemon */ = {
			isa = PBXNativeTarget;
			buildConfigurationList = D3ABCEAA14B6922600CBE556 /* Build configuration list for PBXNativeTarget "PillOrPokemon" */;
			buildPhases = (
				D3ABCE7914B6922500CBE556 /* Sources */,
				D3ABCE7A14B6922500CBE556 /* Frameworks */,
				D3ABCE7B14B6922500CBE556 /* Resources */,
			);
			buildRules = (
			);
			dependencies = (
			);
			name = PillOrPokemon;
			productName = PillOrPokemon;
			productReference = D3ABCE7D14B6922600CBE556 /* PillOrPokemon.app */;
			productType = "com.apple.product-type.application";
		};
		D3ABCE9714B6922600CBE556 /* PillOrPokemonTests */ = {
			isa = PBXNativeTarget;
			buildConfigurationList = D3ABCEAD14B6922600CBE556 /* Build configuration list for PBXNativeTarget "PillOrPokemonTests" */;
			buildPhases = (
				D3ABCE9314B6922600CBE556 /* Sources */,
				D3ABCE9414B6922600CBE556 /* Frameworks */,
				D3ABCE9514B6922600CBE556 /* Resources */,
				D3ABCE9614B6922600CBE556 /* ShellScript */,
			);
			buildRules = (
			);
			dependencies = (
				D3ABCE9E14B6922600CBE556 /* PBXTargetDependency */,
			);
			name = PillOrPokemonTests;
			productName = PillOrPokemonTests;
			productReference = D3ABCE9814B6922600CBE556 /* PillOrPokemonTests.octest */;
			productType = "com.apple.product-type.bundle";
		};
/* End PBXNativeTarget section */

/* Begin PBXProject section */
		D3ABCE7414B6922400CBE556 /* Project object */ = {
			isa = PBXProject;
			attributes = {
				LastUpgradeCheck = 0420;
			};
			buildConfigurationList = D3ABCE7714B6922400CBE556 /* Build configuration list for PBXProject "PillOrPokemon" */;
			compatibilityVersion = "Xcode 3.2";
			developmentRegion = English;
			hasScannedForEncodings = 0;
			knownRegions = (
				en,
			);
			mainGroup = D3ABCE7214B6922400CBE556;
			productRefGroup = D3ABCE7E14B6922600CBE556 /* Products */;
			projectDirPath = "";
			projectRoot = "";
			targets = (
				D3ABCE7C14B6922500CBE556 /* PillOrPokemon */,
				D3ABCE9714B6922600CBE556 /* PillOrPokemonTests */,
				09E6F0DF14CE35340036A97B /* PillOrPokemon Free */,
			);
		};
/* End PBXProject section */

/* Begin PBXResourcesBuildPhase section */
		09E6F0EB14CE35340036A97B /* Resources */ = {
			isa = PBXResourcesBuildPhase;
			buildActionMask = 2147483647;
			files = (
				09E6F0EC14CE35340036A97B /* InfoPlist.strings in Resources */,
				09E6F0ED14CE35340036A97B /* SplashScreen.xib in Resources */,
				09E6F0EE14CE35340036A97B /* appbanner.png in Resources */,
				09E6F0EF14CE35340036A97B /* MainView.xib in Resources */,
				09E6F0F114CE35340036A97B /* banner.png in Resources */,
				09E6F0F214CE35340036A97B /* zone1.png in Resources */,
				09E6F0F314CE35340036A97B /* zone2.png in Resources */,
				09E6F0F414CE35340036A97B /* zone3.png in Resources */,
				09E6F0F514CE35340036A97B /* zone4.png in Resources */,
				09E6F0F614CE35340036A97B /* GamePlay.xib in Resources */,
				09E6F0F714CE35340036A97B /* choose_pill.png in Resources */,
				09E6F0F814CE35340036A97B /* choose_pokemon.png in Resources */,
				09E6F0F914CE35340036A97B /* PPData.plist in Resources */,
				09E6F0FA14CE35340036A97B /* icon copy.png in Resources */,
				090300D314CE491700618BF5 /* ZoneSelectorFree.xib in Resources */,
			);
			runOnlyForDeploymentPostprocessing = 0;
		};
		D3ABCE7B14B6922500CBE556 /* Resources */ = {
			isa = PBXResourcesBuildPhase;
			buildActionMask = 2147483647;
			files = (
				D3ABCE8C14B6922600CBE556 /* InfoPlist.strings in Resources */,
				D3ABCEB214B6947400CBE556 /* SplashScreen.xib in Resources */,
				D3ABCEB914B69BF000CBE556 /* appbanner.png in Resources */,
				D3ABCEBB14B69DB600CBE556 /* MainView.xib in Resources */,
				D371991B14BBE4E600FD78C8 /* ZoneSelector.xib in Resources */,
				D371991D14BBE52900FD78C8 /* banner.png in Resources */,
				D371992314BBE55C00FD78C8 /* zone1.png in Resources */,
				D371992414BBE55C00FD78C8 /* zone2.png in Resources */,
				D371992514BBE55C00FD78C8 /* zone3.png in Resources */,
				D371992614BBE55C00FD78C8 /* zone4.png in Resources */,
				D371992B14BBE92700FD78C8 /* GamePlay.xib in Resources */,
				D371992E14BBEA4800FD78C8 /* choose_pill.png in Resources */,
				D371992F14BBEA4800FD78C8 /* choose_pokemon.png in Resources */,
				D371993414BBF50700FD78C8 /* PPData.plist in Resources */,
				09C1957814C91FAE001529B0 /* icon copy.png in Resources */,
				09005E2714E0E5450088A175 /* icon small.png in Resources */,
				4E34588614FB190500D1F9FE /* UnlockedZones.plist in Resources */,
			);
			runOnlyForDeploymentPostprocessing = 0;
		};
		D3ABCE9514B6922600CBE556 /* Resources */ = {
			isa = PBXResourcesBuildPhase;
			buildActionMask = 2147483647;
			files = (
				D3ABCEA414B6922600CBE556 /* InfoPlist.strings in Resources */,
			);
			runOnlyForDeploymentPostprocessing = 0;
		};
/* End PBXResourcesBuildPhase section */

/* Begin PBXShellScriptBuildPhase section */
		D3ABCE9614B6922600CBE556 /* ShellScript */ = {
			isa = PBXShellScriptBuildPhase;
			buildActionMask = 2147483647;
			files = (
			);
			inputPaths = (
			);
			outputPaths = (
			);
			runOnlyForDeploymentPostprocessing = 0;
			shellPath = /bin/sh;
			shellScript = "# Run the unit tests in this test bundle.\n\"${SYSTEM_DEVELOPER_DIR}/Tools/RunUnitTests\"\n";
		};
/* End PBXShellScriptBuildPhase section */

/* Begin PBXSourcesBuildPhase section */
		09E6F0E014CE35340036A97B /* Sources */ = {
			isa = PBXSourcesBuildPhase;
			buildActionMask = 2147483647;
			files = (
				09E6F0E114CE35340036A97B /* main.m in Sources */,
				09E6F0E214CE35340036A97B /* AppDelegate.m in Sources */,
				09E6F0E314CE35340036A97B /* VC_Main.m in Sources */,
				09E6F0E414CE35340036A97B /* VC_SplashScreen.m in Sources */,
				09E6F0E614CE35340036A97B /* VC_GamePlay.m in Sources */,
				09E6F10614CE36330036A97B /* VC_ZoneSelectorFree.m in Sources */,
			);
			runOnlyForDeploymentPostprocessing = 0;
		};
		D3ABCE7914B6922500CBE556 /* Sources */ = {
			isa = PBXSourcesBuildPhase;
			buildActionMask = 2147483647;
			files = (
				D3ABCE8E14B6922600CBE556 /* main.m in Sources */,
				D3ABCE9214B6922600CBE556 /* AppDelegate.m in Sources */,
				D3ABCEB714B699DE00CBE556 /* VC_Main.m in Sources */,
				D3ABCEC114B6A3FC00CBE556 /* VC_SplashScreen.m in Sources */,
				D371992914BBE69900FD78C8 /* VC_ZoneSelector.m in Sources */,
				D371993214BBF02F00FD78C8 /* VC_GamePlay.m in Sources */,
			);
			runOnlyForDeploymentPostprocessing = 0;
		};
		D3ABCE9314B6922600CBE556 /* Sources */ = {
			isa = PBXSourcesBuildPhase;
			buildActionMask = 2147483647;
			files = (
				D3ABCEA714B6922600CBE556 /* PillOrPokemonTests.m in Sources */,
			);
			runOnlyForDeploymentPostprocessing = 0;
		};
/* End PBXSourcesBuildPhase section */

/* Begin PBXTargetDependency section */
		D3ABCE9E14B6922600CBE556 /* PBXTargetDependency */ = {
			isa = PBXTargetDependency;
			target = D3ABCE7C14B6922500CBE556 /* PillOrPokemon */;
			targetProxy = D3ABCE9D14B6922600CBE556 /* PBXContainerItemProxy */;
		};
/* End PBXTargetDependency section */

/* Begin PBXVariantGroup section */
		09E6F0A814CE32D90036A97B /* InfoPlist.strings */ = {
			isa = PBXVariantGroup;
			children = (
				09E6F0A914CE32D90036A97B /* en */,
			);
			name = InfoPlist.strings;
			sourceTree = "<group>";
		};
		09E6F0BF14CE32DA0036A97B /* InfoPlist.strings */ = {
			isa = PBXVariantGroup;
			children = (
				09E6F0C014CE32DA0036A97B /* en */,
			);
			name = InfoPlist.strings;
			sourceTree = "<group>";
		};
		D3ABCE8A14B6922600CBE556 /* InfoPlist.strings */ = {
			isa = PBXVariantGroup;
			children = (
				D3ABCE8B14B6922600CBE556 /* en */,
			);
			name = InfoPlist.strings;
			sourceTree = "<group>";
		};
		D3ABCEA214B6922600CBE556 /* InfoPlist.strings */ = {
			isa = PBXVariantGroup;
			children = (
				D3ABCEA314B6922600CBE556 /* en */,
			);
			name = InfoPlist.strings;
			sourceTree = "<group>";
		};
/* End PBXVariantGroup section */

/* Begin XCBuildConfiguration section */
		09E6F0FC14CE35340036A97B /* Debug */ = {
			isa = XCBuildConfiguration;
			buildSettings = {
				BUILD_TARGET_FREE = 1;
				GCC_PRECOMPILE_PREFIX_HEADER = YES;
				GCC_PREFIX_HEADER = "PillOrPokemon/PillOrPokemon-Prefix.pch";
				INFOPLIST_FILE = "PillOrPokemon Free-Info.plist";
				PRODUCT_NAME = "PillOrPokemon Free";
				WRAPPER_EXTENSION = app;
			};
			name = Debug;
		};
		09E6F0FD14CE35340036A97B /* Release */ = {
			isa = XCBuildConfiguration;
			buildSettings = {
				BUILD_TARGET_FREE = 1;
				GCC_PRECOMPILE_PREFIX_HEADER = YES;
				GCC_PREFIX_HEADER = "PillOrPokemon/PillOrPokemon-Prefix.pch";
				INFOPLIST_FILE = "PillOrPokemon Free-Info.plist";
				PRODUCT_NAME = "PillOrPokemon Free";
				WRAPPER_EXTENSION = app;
			};
			name = Release;
		};
		D3ABCEA814B6922600CBE556 /* Debug */ = {
			isa = XCBuildConfiguration;
			buildSettings = {
				ALWAYS_SEARCH_USER_PATHS = NO;
				ARCHS = "$(ARCHS_STANDARD_32_BIT)";
				CLANG_ENABLE_OBJC_ARC = YES;
				"CODE_SIGN_IDENTITY[sdk=iphoneos*]" = "iPhone Distribution: Alexander Freas";
				COPY_PHASE_STRIP = NO;
				GCC_C_LANGUAGE_STANDARD = gnu99;
				GCC_DYNAMIC_NO_PIC = NO;
				GCC_OPTIMIZATION_LEVEL = 0;
				GCC_PREPROCESSOR_DEFINITIONS = (
					"DEBUG=1",
					"$(inherited)",
				);
				GCC_SYMBOLS_PRIVATE_EXTERN = NO;
				GCC_VERSION = com.apple.compilers.llvm.clang.1_0;
				GCC_WARN_ABOUT_MISSING_PROTOTYPES = YES;
				GCC_WARN_ABOUT_RETURN_TYPE = YES;
				GCC_WARN_UNUSED_VARIABLE = YES;
				IPHONEOS_DEPLOYMENT_TARGET = 5.0;
				"PROVISIONING_PROFILE[sdk=iphoneos*]" = "F45C3932-401C-477B-90C1-F4FF0C17D1BB";
				SDKROOT = iphoneos;
			};
			name = Debug;
		};
		D3ABCEA914B6922600CBE556 /* Release */ = {
			isa = XCBuildConfiguration;
			buildSettings = {
				ALWAYS_SEARCH_USER_PATHS = NO;
				ARCHS = "$(ARCHS_STANDARD_32_BIT)";
				CLANG_ENABLE_OBJC_ARC = YES;
				"CODE_SIGN_IDENTITY[sdk=iphoneos*]" = "iPhone Distribution: Alexander Freas";
				COPY_PHASE_STRIP = YES;
				GCC_C_LANGUAGE_STANDARD = gnu99;
				GCC_VERSION = com.apple.compilers.llvm.clang.1_0;
				GCC_WARN_ABOUT_MISSING_PROTOTYPES = YES;
				GCC_WARN_ABOUT_RETURN_TYPE = YES;
				GCC_WARN_UNUSED_VARIABLE = YES;
				IPHONEOS_DEPLOYMENT_TARGET = 5.0;
				OTHER_CFLAGS = "-DNS_BLOCK_ASSERTIONS=1";
				"PROVISIONING_PROFILE[sdk=iphoneos*]" = "F45C3932-401C-477B-90C1-F4FF0C17D1BB";
				SDKROOT = iphoneos;
				VALIDATE_PRODUCT = YES;
			};
			name = Release;
		};
		D3ABCEAB14B6922600CBE556 /* Debug */ = {
			isa = XCBuildConfiguration;
			buildSettings = {
				BUILD_TARGET_FREE = 0;
				CURRENT_PROJECT_VERSION = 1.1;
				GCC_PRECOMPILE_PREFIX_HEADER = YES;
				GCC_PREFIX_HEADER = "PillOrPokemon/PillOrPokemon-Prefix.pch";
				INFOPLIST_FILE = "PillOrPokemon/PillOrPokemon-Info.plist";
				PRODUCT_NAME = "$(TARGET_NAME)";
				WRAPPER_EXTENSION = app;
			};
			name = Debug;
		};
		D3ABCEAC14B6922600CBE556 /* Release */ = {
			isa = XCBuildConfiguration;
			buildSettings = {
				BUILD_TARGET_FREE = 0;
				CURRENT_PROJECT_VERSION = 1.1;
				GCC_PRECOMPILE_PREFIX_HEADER = YES;
				GCC_PREFIX_HEADER = "PillOrPokemon/PillOrPokemon-Prefix.pch";
				INFOPLIST_FILE = "PillOrPokemon/PillOrPokemon-Info.plist";
				PRODUCT_NAME = "$(TARGET_NAME)";
				WRAPPER_EXTENSION = app;
			};
			name = Release;
		};
		D3ABCEAE14B6922600CBE556 /* Debug */ = {
			isa = XCBuildConfiguration;
			buildSettings = {
				BUNDLE_LOADER = "$(BUILT_PRODUCTS_DIR)/PillOrPokemon.app/PillOrPokemon";
				FRAMEWORK_SEARCH_PATHS = (
					"$(SDKROOT)/Developer/Library/Frameworks",
					"$(DEVELOPER_LIBRARY_DIR)/Frameworks",
				);
				GCC_PRECOMPILE_PREFIX_HEADER = YES;
				GCC_PREFIX_HEADER = "PillOrPokemon/PillOrPokemon-Prefix.pch";
				INFOPLIST_FILE = "PillOrPokemonTests/PillOrPokemonTests-Info.plist";
				PRODUCT_NAME = "$(TARGET_NAME)";
				TEST_HOST = "$(BUNDLE_LOADER)";
				WRAPPER_EXTENSION = octest;
			};
			name = Debug;
		};
		D3ABCEAF14B6922600CBE556 /* Release */ = {
			isa = XCBuildConfiguration;
			buildSettings = {
				BUNDLE_LOADER = "$(BUILT_PRODUCTS_DIR)/PillOrPokemon.app/PillOrPokemon";
				FRAMEWORK_SEARCH_PATHS = (
					"$(SDKROOT)/Developer/Library/Frameworks",
					"$(DEVELOPER_LIBRARY_DIR)/Frameworks",
				);
				GCC_PRECOMPILE_PREFIX_HEADER = YES;
				GCC_PREFIX_HEADER = "PillOrPokemon/PillOrPokemon-Prefix.pch";
				INFOPLIST_FILE = "PillOrPokemonTests/PillOrPokemonTests-Info.plist";
				PRODUCT_NAME = "$(TARGET_NAME)";
				TEST_HOST = "$(BUNDLE_LOADER)";
				WRAPPER_EXTENSION = octest;
			};
			name = Release;
		};
/* End XCBuildConfiguration section */

/* Begin XCConfigurationList section */
		09E6F0FB14CE35340036A97B /* Build configuration list for PBXNativeTarget "PillOrPokemon Free" */ = {
			isa = XCConfigurationList;
			buildConfigurations = (
				09E6F0FC14CE35340036A97B /* Debug */,
				09E6F0FD14CE35340036A97B /* Release */,
			);
			defaultConfigurationIsVisible = 0;
			defaultConfigurationName = Release;
		};
		D3ABCE7714B6922400CBE556 /* Build configuration list for PBXProject "PillOrPokemon" */ = {
			isa = XCConfigurationList;
			buildConfigurations = (
				D3ABCEA814B6922600CBE556 /* Debug */,
				D3ABCEA914B6922600CBE556 /* Release */,
			);
			defaultConfigurationIsVisible = 0;
			defaultConfigurationName = Release;
		};
		D3ABCEAA14B6922600CBE556 /* Build configuration list for PBXNativeTarget "PillOrPokemon" */ = {
			isa = XCConfigurationList;
			buildConfigurations = (
				D3ABCEAB14B6922600CBE556 /* Debug */,
				D3ABCEAC14B6922600CBE556 /* Release */,
			);
			defaultConfigurationIsVisible = 0;
			defaultConfigurationName = Release;
		};
		D3ABCEAD14B6922600CBE556 /* Build configuration list for PBXNativeTarget "PillOrPokemonTests" */ = {
			isa = XCConfigurationList;
			buildConfigurations = (
				D3ABCEAE14B6922600CBE556 /* Debug */,
				D3ABCEAF14B6922600CBE556 /* Release */,
			);
			defaultConfigurationIsVisible = 0;
			defaultConfigurationName = Release;
		};
/* End XCConfigurationList section */
	};
	rootObject = D3ABCE7414B6922400CBE556 /* Project object */;
}
